
Microsoft Visual Studio Solution File, Format Version 12.00
# Visual Studio 15
VisualStudioVersion = 15.0.27428.2037
MinimumVisualStudioVersion = 10.0.40219.1
Project("{FAE04EC0-301F-11D3-BF4B-00C04F79EFBC}") = "KelimeOyunu", "KelimeOyunu\KelimeOyunu.csproj", "{272F2CBC-3631-42D6-A38D-13B12F91391E}"
EndProject
Global
	GlobalSection(SolutionConfigurationPlatforms) = preSolution
		Debug|Any CPU = Debug|Any CPU
		Release|Any CPU = Release|Any CPU
	EndGlobalSection
	GlobalSection(ProjectConfigurationPlatforms) = postSolution
		{272F2CBC-3631-42D6-A38D-13B12F91391E}.Debug|Any CPU.ActiveCfg = Debug|Any CPU
		{272F2CBC-3631-42D6-A38D-13B12F91391E}.Debug|Any CPU.Build.0 = Debug|Any CPU
		{272F2CBC-3631-42D6-A38D-13B12F91391E}.Release|Any CPU.ActiveCfg = Release|Any CPU
		{272F2CBC-3631-42D6-A38D-13B12F91391E}.Release|Any CPU.Build.0 = Release|Any CPU
	EndGlobalSection
	GlobalSection(SolutionProperties) = preSolution
		HideSolutionNode = FALSE
	EndGlobalSection
	GlobalSection(ExtensibilityGlobals) = postSolution
		SolutionGuid = {8B2FE203-A5EA-476C-A5B0-FA0F30DB61F1}
	EndGlobalSection
EndGlobal
